
Microsoft Visual Studio Solution File, Format Version 12.00
# Visual Studio Version 17
VisualStudioVersion = 17.14.36121.58
MinimumVisualStudioVersion = 10.0.40219.1
Project("{FAE04EC0-301F-11D3-BF4B-00C04F79EFBC}") = "FirstProject", "FirstProject\FirstProject.csproj", "{5B8FFE56-6CD1-488A-B7E6-CC5BB9B27E5B}"
EndProject
Global
	GlobalSection(SolutionConfigurationPlatforms) = preSolution
		Debug|Any CPU = Debug|Any CPU
		Release|Any CPU = Release|Any CPU
	EndGlobalSection
	GlobalSection(ProjectConfigurationPlatforms) = postSolution
		{5B8FFE56-6CD1-488A-B7E6-CC5BB9B27E5B}.Debug|Any CPU.ActiveCfg = Debug|Any CPU
		{5B8FFE56-6CD1-488A-B7E6-CC5BB9B27E5B}.Debug|Any CPU.Build.0 = Debug|Any CPU
		{5B8FFE56-6CD1-488A-B7E6-CC5BB9B27E5B}.Release|Any CPU.ActiveCfg = Release|Any CPU
		{5B8FFE56-6CD1-488A-B7E6-CC5BB9B27E5B}.Release|Any CPU.Build.0 = Release|Any CPU
	EndGlobalSection
	GlobalSection(SolutionProperties) = preSolution
		HideSolutionNode = FALSE
	EndGlobalSection
	GlobalSection(ExtensibilityGlobals) = postSolution
		SolutionGuid = {CEA3C56A-5CA6-46CA-A822-7FB808B62ED4}
	EndGlobalSection
EndGlobal
